
Microsoft Visual Studio Solution File, Format Version 12.00
# Visual Studio Version 17
VisualStudioVersion = 17.4.33213.308
MinimumVisualStudioVersion = 10.0.40219.1
Project("{FAE04EC0-301F-11D3-BF4B-00C04F79EFBC}") = "Aula13Usuarios", "Aula13Usuarios\Aula13Usuarios.csproj", "{0037CC77-BF2C-4074-A271-F2DEDB049127}"
EndProject
Global
	GlobalSection(SolutionConfigurationPlatforms) = preSolution
		Debug|Any CPU = Debug|Any CPU
		Release|Any CPU = Release|Any CPU
	EndGlobalSection
	GlobalSection(ProjectConfigurationPlatforms) = postSolution
		{0037CC77-BF2C-4074-A271-F2DEDB049127}.Debug|Any CPU.ActiveCfg = Debug|Any CPU
		{0037CC77-BF2C-4074-A271-F2DEDB049127}.Debug|Any CPU.Build.0 = Debug|Any CPU
		{0037CC77-BF2C-4074-A271-F2DEDB049127}.Release|Any CPU.ActiveCfg = Release|Any CPU
		{0037CC77-BF2C-4074-A271-F2DEDB049127}.Release|Any CPU.Build.0 = Release|Any CPU
	EndGlobalSection
	GlobalSection(SolutionProperties) = preSolution
		HideSolutionNode = FALSE
	EndGlobalSection
	GlobalSection(ExtensibilityGlobals) = postSolution
		SolutionGuid = {FC5ECCF4-3D11-49D8-85E1-E0A660103741}
	EndGlobalSection
EndGlobal
